// !$*UTF8*$!
{
	archiveVersion = 1;
	classes = {
	};
	objectVersion = 44;
	objects = {

/* Begin PBXBuildFile section */
		4DDCA7060ACC9A6100E082CE /* MainMenu.nib in Resources */ = {isa = PBXBuildFile; fileRef = 29B97318FDCFA39411CA2CEA /* MainMenu.nib */; };
		4DDCA7070ACC9A6100E082CE /* InfoPlist.strings in Resources */ = {isa = PBXBuildFile; fileRef = 089C165CFE840E0CC02AAC07 /* InfoPlist.strings */; };
		4DDCA7080ACC9A6100E082CE /* rb_main.rb in Resources */ = {isa = PBXBuildFile; fileRef = E8F5E25803AEB7C803A81C6F /* rb_main.rb */; };
		4DDCA70A0ACC9A6100E082CE /* main.m in Sources */ = {isa = PBXBuildFile; fileRef = 29B97316FDCFA39411CA2CEA /* main.m */; settings = {ATTRIBUTES = (); }; };
		4DDCA70C0ACC9A6100E082CE /* Cocoa.framework in Frameworks */ = {isa = PBXBuildFile; fileRef = 1058C7A1FEA54F0111CA2CBB /* Cocoa.framework */; };
		4DDCA70D0ACC9A6100E082CE /* RubyCocoa.framework in Frameworks */ = {isa = PBXBuildFile; fileRef = E8F5E24E03AEB6EC03A81C6F /* RubyCocoa.framework */; };
		FE1191EC0DD89E120073164F /* task.rb in Resources */ = {isa = PBXBuildFile; fileRef = FE1191EB0DD89E120073164F /* task.rb */; };
		FE17B5B60E0D7E0600682156 /* growl_notifier.rb in Resources */ = {isa = PBXBuildFile; fileRef = FE17B5B50E0D7E0600682156 /* growl_notifier.rb */; };
		FE33BD980DDDFB3D003ACBAA /* load_operation.rb in Resources */ = {isa = PBXBuildFile; fileRef = FE33BD970DDDFB3D003ACBAA /* load_operation.rb */; };
		FE3CB0830E902DF8009138A1 /* macistrano.icns in Resources */ = {isa = PBXBuildFile; fileRef = FE3CB0820E902DF8009138A1 /* macistrano.icns */; };
		FE517D860DDF2B5B00CA0249 /* load_operation_queue.rb in Resources */ = {isa = PBXBuildFile; fileRef = FE517D850DDF2B5B00CA0249 /* load_operation_queue.rb */; };
		FE5F03D90DC11830009DA75F /* webistrano_controller.rb in Resources */ = {isa = PBXBuildFile; fileRef = FE5F03D80DC11830009DA75F /* webistrano_controller.rb */; };
		FE5F041F0DC11D5B009DA75F /* icon-failed.png in Resources */ = {isa = PBXBuildFile; fileRef = FE5F041E0DC11D5B009DA75F /* icon-failed.png */; };
		FE5F04210DC11D6A009DA75F /* icon-inactive.png in Resources */ = {isa = PBXBuildFile; fileRef = FE5F04200DC11D6A009DA75F /* icon-inactive.png */; };
		FE5F04240DC11D75009DA75F /* icon-success-building.png in Resources */ = {isa = PBXBuildFile; fileRef = FE5F04220DC11D75009DA75F /* icon-success-building.png */; };
		FE5F04250DC11D75009DA75F /* icon-success.png in Resources */ = {isa = PBXBuildFile; fileRef = FE5F04230DC11D75009DA75F /* icon-success.png */; };
		FE68C2D40DD24F240053FC90 /* preferences_controller.rb in Resources */ = {isa = PBXBuildFile; fileRef = FE68C2D30DD24F240053FC90 /* preferences_controller.rb */; };
		FE874BA70F27330600AE5935 /* icon-webistrano-small.png in Resources */ = {isa = PBXBuildFile; fileRef = FE874BA60F27330600AE5935 /* icon-webistrano-small.png */; };
		FE9BA8690DC65FA8008EF6F8 /* host.rb in Resources */ = {isa = PBXBuildFile; fileRef = FE9BA8680DC65FA8008EF6F8 /* host.rb */; };
		FEA6558B0E042F0200410820 /* deployment.rb in Resources */ = {isa = PBXBuildFile; fileRef = FEA6558A0E042F0200410820 /* deployment.rb */; };
		FEA76B830DD7547D00D171BE /* Security.bridgesupport in Resources */ = {isa = PBXBuildFile; fileRef = FEA76B820DD7547D00D171BE /* Security.bridgesupport */; };
		FEA76B860DD7551500D171BE /* Security.bridgesupport in Copy Frameworks */ = {isa = PBXBuildFile; fileRef = FEA76B820DD7547D00D171BE /* Security.bridgesupport */; };
		FEA76BB20DD75E4F00D171BE /* keychain.rb in Resources */ = {isa = PBXBuildFile; fileRef = FEA76BB10DD75E4F00D171BE /* keychain.rb */; };
		FEA7AD5D0DDCB2E00032FE31 /* notification_hub.rb in Resources */ = {isa = PBXBuildFile; fileRef = FEA7AD5C0DDCB2E00032FE31 /* notification_hub.rb */; };
		FEA7D49A0DC0F900001EFBE9 /* project_controller.rb in Resources */ = {isa = PBXBuildFile; fileRef = FEA7D4990DC0F900001EFBE9 /* project_controller.rb */; };
		FEC8A4670DC26DFF0083B448 /* project.rb in Resources */ = {isa = PBXBuildFile; fileRef = FEC8A4660DC26DFF0083B448 /* project.rb */; };
		FEC8A4690DC26E300083B448 /* stage.rb in Resources */ = {isa = PBXBuildFile; fileRef = FEC8A4680DC26E300083B448 /* stage.rb */; };
		FEC9EB610DE099A600ABA9C8 /* post_load_operation.rb in Resources */ = {isa = PBXBuildFile; fileRef = FEC9EB600DE099A600ABA9C8 /* post_load_operation.rb */; };
		FEC9EB730DE099B900ABA9C8 /* host.rb in Resources */ = {isa = PBXBuildFile; fileRef = FEC9EB6B0DE099B900ABA9C8 /* host.rb */; };
		FEC9EB740DE099B900ABA9C8 /* keychain.rb in Resources */ = {isa = PBXBuildFile; fileRef = FEC9EB6C0DE099B900ABA9C8 /* keychain.rb */; };
		FEC9EB750DE099B900ABA9C8 /* load_operation.rb in Resources */ = {isa = PBXBuildFile; fileRef = FEC9EB6D0DE099B900ABA9C8 /* load_operation.rb */; };
		FEC9EB760DE099B900ABA9C8 /* load_operation_queue.rb in Resources */ = {isa = PBXBuildFile; fileRef = FEC9EB6E0DE099B900ABA9C8 /* load_operation_queue.rb */; };
		FEC9EB770DE099B900ABA9C8 /* notification_hub.rb in Resources */ = {isa = PBXBuildFile; fileRef = FEC9EB6F0DE099B900ABA9C8 /* notification_hub.rb */; };
		FEC9EB780DE099B900ABA9C8 /* project.rb in Resources */ = {isa = PBXBuildFile; fileRef = FEC9EB700DE099B900ABA9C8 /* project.rb */; };
		FEC9EB790DE099B900ABA9C8 /* stage.rb in Resources */ = {isa = PBXBuildFile; fileRef = FEC9EB710DE099B900ABA9C8 /* stage.rb */; };
		FEC9EB7A0DE099B900ABA9C8 /* task.rb in Resources */ = {isa = PBXBuildFile; fileRef = FEC9EB720DE099B900ABA9C8 /* task.rb */; };
		FEE6BA300F2879F700402101 /* growl_support.rb in Resources */ = {isa = PBXBuildFile; fileRef = FEE6BA2F0F2879F700402101 /* growl_support.rb */; };
		FEE6BA540F2892FC00402101 /* Credits.html in Resources */ = {isa = PBXBuildFile; fileRef = FEE6BA530F2892FC00402101 /* Credits.html */; };
/* End PBXBuildFile section */

/* Begin PBXCopyFilesBuildPhase section */
		FEA76B850DD754D700D171BE /* Copy Frameworks */ = {
			isa = PBXCopyFilesBuildPhase;
			buildActionMask = 12;
			dstPath = BridgeSupport;
			dstSubfolderSpec = 7;
			files = (
				FEA76B860DD7551500D171BE /* Security.bridgesupport in Copy Frameworks */,
			);
			name = "Copy Frameworks";
			runOnlyForDeploymentPostprocessing = 0;
		};
/* End PBXCopyFilesBuildPhase section */

/* Begin PBXFileReference section */
		089C165DFE840E0CC02AAC07 /* English */ = {isa = PBXFileReference; fileEncoding = 10; lastKnownFileType = text.plist.strings; name = English; path = English.lproj/InfoPlist.strings; sourceTree = "<group>"; };
		1058C7A1FEA54F0111CA2CBB /* Cocoa.framework */ = {isa = PBXFileReference; lastKnownFileType = wrapper.framework; name = Cocoa.framework; path = /System/Library/Frameworks/Cocoa.framework; sourceTree = "<absolute>"; };
		29B97316FDCFA39411CA2CEA /* main.m */ = {isa = PBXFileReference; fileEncoding = 30; lastKnownFileType = sourcecode.c.objc; path = main.m; sourceTree = "<group>"; };
		29B97319FDCFA39411CA2CEA /* English */ = {isa = PBXFileReference; lastKnownFileType = wrapper.nib; name = English; path = English.lproj/MainMenu.nib; sourceTree = "<group>"; };
		29B97324FDCFA39411CA2CEA /* AppKit.framework */ = {isa = PBXFileReference; lastKnownFileType = wrapper.framework; name = AppKit.framework; path = /System/Library/Frameworks/AppKit.framework; sourceTree = "<absolute>"; };
		29B97325FDCFA39411CA2CEA /* Foundation.framework */ = {isa = PBXFileReference; lastKnownFileType = wrapper.framework; name = Foundation.framework; path = /System/Library/Frameworks/Foundation.framework; sourceTree = "<absolute>"; };
		4DDCA7110ACC9A6100E082CE /* Info.plist */ = {isa = PBXFileReference; lastKnownFileType = text.plist.xml; path = Info.plist; sourceTree = "<group>"; };
		4DDCA7120ACC9A6100E082CE /* Macistrano.app */ = {isa = PBXFileReference; explicitFileType = wrapper.application; includeInIndex = 0; path = Macistrano.app; sourceTree = BUILT_PRODUCTS_DIR; };
		E8F5E24E03AEB6EC03A81C6F /* RubyCocoa.framework */ = {isa = PBXFileReference; lastKnownFileType = wrapper.framework; name = RubyCocoa.framework; path = /System/Library/Frameworks/RubyCocoa.framework; sourceTree = "<absolute>"; };
		E8F5E25803AEB7C803A81C6F /* rb_main.rb */ = {isa = PBXFileReference; lastKnownFileType = text.script.ruby; path = rb_main.rb; sourceTree = "<group>"; };
		FE1191EB0DD89E120073164F /* task.rb */ = {isa = PBXFileReference; fileEncoding = 4; lastKnownFileType = text.script.ruby; name = task.rb; path = model/task.rb; sourceTree = "<group>"; };
		FE17B5B50E0D7E0600682156 /* growl_notifier.rb */ = {isa = PBXFileReference; fileEncoding = 4; lastKnownFileType = text.script.ruby; path = growl_notifier.rb; sourceTree = "<group>"; };
		FE33BD970DDDFB3D003ACBAA /* load_operation.rb */ = {isa = PBXFileReference; fileEncoding = 7; lastKnownFileType = text.script.ruby; name = load_operation.rb; path = model/load_operation.rb; sourceTree = "<group>"; };
		FE3CB0820E902DF8009138A1 /* macistrano.icns */ = {isa = PBXFileReference; lastKnownFileType = image.icns; path = macistrano.icns; sourceTree = "<group>"; };
		FE517D850DDF2B5B00CA0249 /* load_operation_queue.rb */ = {isa = PBXFileReference; fileEncoding = 4; lastKnownFileType = text.script.ruby; name = load_operation_queue.rb; path = model/load_operation_queue.rb; sourceTree = "<group>"; };
		FE5F03D80DC11830009DA75F /* webistrano_controller.rb */ = {isa = PBXFileReference; fileEncoding = 4; lastKnownFileType = text.script.ruby; name = webistrano_controller.rb; path = controller/webistrano_controller.rb; sourceTree = "<group>"; };
		FE5F041E0DC11D5B009DA75F /* icon-failed.png */ = {isa = PBXFileReference; lastKnownFileType = image.png; path = "icon-failed.png"; sourceTree = "<group>"; };
		FE5F04200DC11D6A009DA75F /* icon-inactive.png */ = {isa = PBXFileReference; lastKnownFileType = image.png; path = "icon-inactive.png"; sourceTree = "<group>"; };
		FE5F04220DC11D75009DA75F /* icon-success-building.png */ = {isa = PBXFileReference; lastKnownFileType = image.png; path = "icon-success-building.png"; sourceTree = "<group>"; };
		FE5F04230DC11D75009DA75F /* icon-success.png */ = {isa = PBXFileReference; lastKnownFileType = image.png; path = "icon-success.png"; sourceTree = "<group>"; };
		FE68C2550DD238600053FC90 /* webistrano_controller_spec.rb */ = {isa = PBXFileReference; explicitFileType = text.script.ruby; fileEncoding = 4; name = webistrano_controller_spec.rb; path = spec/webistrano_controller_spec.rb; sourceTree = "<group>"; };
		FE68C2630DD23FC00053FC90 /* host_spec.rb */ = {isa = PBXFileReference; fileEncoding = 7; lastKnownFileType = text.script.ruby; name = host_spec.rb; path = spec/host_spec.rb; sourceTree = "<group>"; };
		FE68C2640DD23FC00053FC90 /* project_spec.rb */ = {isa = PBXFileReference; fileEncoding = 7; lastKnownFileType = text.script.ruby; name = project_spec.rb; path = spec/project_spec.rb; sourceTree = "<group>"; };
		FE68C2D30DD24F240053FC90 /* preferences_controller.rb */ = {isa = PBXFileReference; fileEncoding = 7; lastKnownFileType = text.script.ruby; name = preferences_controller.rb; path = controller/preferences_controller.rb; sourceTree = "<group>"; };
		FE874BA60F27330600AE5935 /* icon-webistrano-small.png */ = {isa = PBXFileReference; lastKnownFileType = image.png; path = "icon-webistrano-small.png"; sourceTree = "<group>"; };
		FE9BA8680DC65FA8008EF6F8 /* host.rb */ = {isa = PBXFileReference; fileEncoding = 4; lastKnownFileType = text.script.ruby; name = host.rb; path = model/host.rb; sourceTree = "<group>"; };
		FEA6558A0E042F0200410820 /* deployment.rb */ = {isa = PBXFileReference; fileEncoding = 7; lastKnownFileType = text.script.ruby; path = deployment.rb; sourceTree = "<group>"; };
		FEA76B820DD7547D00D171BE /* Security.bridgesupport */ = {isa = PBXFileReference; fileEncoding = 7; lastKnownFileType = text.xml; path = Security.bridgesupport; sourceTree = "<group>"; };
		FEA76BB10DD75E4F00D171BE /* keychain.rb */ = {isa = PBXFileReference; fileEncoding = 4; lastKnownFileType = text.script.ruby; name = keychain.rb; path = model/keychain.rb; sourceTree = "<group>"; };
		FEA76BB90DD7649600D171BE /* keychain_spec.rb */ = {isa = PBXFileReference; fileEncoding = 7; lastKnownFileType = text.script.ruby; name = keychain_spec.rb; path = spec/keychain_spec.rb; sourceTree = "<group>"; };
		FEA7AD5C0DDCB2E00032FE31 /* notification_hub.rb */ = {isa = PBXFileReference; fileEncoding = 7; lastKnownFileType = text.script.ruby; name = notification_hub.rb; path = model/notification_hub.rb; sourceTree = "<group>"; };
		FEA7D4990DC0F900001EFBE9 /* project_controller.rb */ = {isa = PBXFileReference; fileEncoding = 4; lastKnownFileType = text.script.ruby; name = project_controller.rb; path = controller/project_controller.rb; sourceTree = "<group>"; };
		FEC8A4660DC26DFF0083B448 /* project.rb */ = {isa = PBXFileReference; fileEncoding = 4; lastKnownFileType = text.script.ruby; name = project.rb; path = model/project.rb; sourceTree = "<group>"; };
		FEC8A4680DC26E300083B448 /* stage.rb */ = {isa = PBXFileReference; fileEncoding = 4; lastKnownFileType = text.script.ruby; name = stage.rb; path = model/stage.rb; sourceTree = "<group>"; };
		FEC9EB600DE099A600ABA9C8 /* post_load_operation.rb */ = {isa = PBXFileReference; fileEncoding = 4; lastKnownFileType = text.script.ruby; path = post_load_operation.rb; sourceTree = "<group>"; };
		FEC9EB6B0DE099B900ABA9C8 /* host.rb */ = {isa = PBXFileReference; fileEncoding = 7; lastKnownFileType = text.script.ruby; path = host.rb; sourceTree = "<group>"; };
		FEC9EB6C0DE099B900ABA9C8 /* keychain.rb */ = {isa = PBXFileReference; fileEncoding = 7; lastKnownFileType = text.script.ruby; path = keychain.rb; sourceTree = "<group>"; };
		FEC9EB6D0DE099B900ABA9C8 /* load_operation.rb */ = {isa = PBXFileReference; fileEncoding = 7; lastKnownFileType = text.script.ruby; path = load_operation.rb; sourceTree = "<group>"; };
		FEC9EB6E0DE099B900ABA9C8 /* load_operation_queue.rb */ = {isa = PBXFileReference; fileEncoding = 7; lastKnownFileType = text.script.ruby; path = load_operation_queue.rb; sourceTree = "<group>"; };
		FEC9EB6F0DE099B900ABA9C8 /* notification_hub.rb */ = {isa = PBXFileReference; fileEncoding = 7; lastKnownFileType = text.script.ruby; path = notification_hub.rb; sourceTree = "<group>"; };
		FEC9EB700DE099B900ABA9C8 /* project.rb */ = {isa = PBXFileReference; fileEncoding = 7; lastKnownFileType = text.script.ruby; path = project.rb; sourceTree = "<group>"; };
		FEC9EB710DE099B900ABA9C8 /* stage.rb */ = {isa = PBXFileReference; fileEncoding = 7; lastKnownFileType = text.script.ruby; path = stage.rb; sourceTree = "<group>"; };
		FEC9EB720DE099B900ABA9C8 /* task.rb */ = {isa = PBXFileReference; fileEncoding = 7; lastKnownFileType = text.script.ruby; path = task.rb; sourceTree = "<group>"; };
		FEE6BA2F0F2879F700402101 /* growl_support.rb */ = {isa = PBXFileReference; fileEncoding = 7; lastKnownFileType = text.script.ruby; name = growl_support.rb; path = model/growl_support.rb; sourceTree = "<group>"; };
		FEE6BA530F2892FC00402101 /* Credits.html */ = {isa = PBXFileReference; fileEncoding = 7; lastKnownFileType = text.html; path = Credits.html; sourceTree = "<group>"; };
/* End PBXFileReference section */

/* Begin PBXFrameworksBuildPhase section */
		4DDCA70B0ACC9A6100E082CE /* Frameworks */ = {
			isa = PBXFrameworksBuildPhase;
			buildActionMask = 2147483647;
			files = (
				4DDCA70C0ACC9A6100E082CE /* Cocoa.framework in Frameworks */,
				4DDCA70D0ACC9A6100E082CE /* RubyCocoa.framework in Frameworks */,
			);
			runOnlyForDeploymentPostprocessing = 0;
		};
/* End PBXFrameworksBuildPhase section */

/* Begin PBXGroup section */
		080E96DDFE201D6D7F000001 /* Classes */ = {
			isa = PBXGroup;
			children = (
				FEE6BA2F0F2879F700402101 /* growl_support.rb */,
				FE33BD970DDDFB3D003ACBAA /* load_operation.rb */,
				FEA7AD5C0DDCB2E00032FE31 /* notification_hub.rb */,
				FE1191EB0DD89E120073164F /* task.rb */,
				FE68C2D30DD24F240053FC90 /* preferences_controller.rb */,
				FE5F03D80DC11830009DA75F /* webistrano_controller.rb */,
				FEA7D4990DC0F900001EFBE9 /* project_controller.rb */,
				FEC8A4660DC26DFF0083B448 /* project.rb */,
				FEC8A4680DC26E300083B448 /* stage.rb */,
				FE9BA8680DC65FA8008EF6F8 /* host.rb */,
				FEA76BB10DD75E4F00D171BE /* keychain.rb */,
				FE517D850DDF2B5B00CA0249 /* load_operation_queue.rb */,
			);
			name = Classes;
			sourceTree = "<group>";
		};
		1058C7A0FEA54F0111CA2CBB /* Linked Frameworks */ = {
			isa = PBXGroup;
			children = (
				1058C7A1FEA54F0111CA2CBB /* Cocoa.framework */,
				E8F5E24E03AEB6EC03A81C6F /* RubyCocoa.framework */,
			);
			name = "Linked Frameworks";
			sourceTree = "<group>";
		};
		1058C7A2FEA54F0111CA2CBB /* Other Frameworks */ = {
			isa = PBXGroup;
			children = (
				29B97325FDCFA39411CA2CEA /* Foundation.framework */,
				29B97324FDCFA39411CA2CEA /* AppKit.framework */,
			);
			name = "Other Frameworks";
			sourceTree = "<group>";
		};
		19C28FACFE9D520D11CA2CBB /* Products */ = {
			isa = PBXGroup;
			children = (
				4DDCA7120ACC9A6100E082CE /* Macistrano.app */,
			);
			name = Products;
			sourceTree = "<group>";
		};
		29B97314FDCFA39411CA2CEA /* macistrano */ = {
			isa = PBXGroup;
			children = (
				FEE6BA530F2892FC00402101 /* Credits.html */,
				FE874BA60F27330600AE5935 /* icon-webistrano-small.png */,
				FE3CB0820E902DF8009138A1 /* macistrano.icns */,
				FEC9EB6A0DE099B900ABA9C8 /* model */,
				FE68C24C0DD238260053FC90 /* Specs */,
				080E96DDFE201D6D7F000001 /* Classes */,
				29B97315FDCFA39411CA2CEA /* Other Sources */,
				29B97317FDCFA39411CA2CEA /* Resources */,
				29B97323FDCFA39411CA2CEA /* Frameworks */,
				19C28FACFE9D520D11CA2CBB /* Products */,
				4DDCA7110ACC9A6100E082CE /* Info.plist */,
			);
			name = macistrano;
			sourceTree = "<group>";
		};
		29B97315FDCFA39411CA2CEA /* Other Sources */ = {
			isa = PBXGroup;
			children = (
				29B97316FDCFA39411CA2CEA /* main.m */,
				E8F5E25803AEB7C803A81C6F /* rb_main.rb */,
			);
			name = "Other Sources";
			sourceTree = "<group>";
		};
		29B97317FDCFA39411CA2CEA /* Resources */ = {
			isa = PBXGroup;
			children = (
				FEA76B820DD7547D00D171BE /* Security.bridgesupport */,
				FE5F04220DC11D75009DA75F /* icon-success-building.png */,
				FE5F04230DC11D75009DA75F /* icon-success.png */,
				FE5F04200DC11D6A009DA75F /* icon-inactive.png */,
				FE5F041E0DC11D5B009DA75F /* icon-failed.png */,
				29B97318FDCFA39411CA2CEA /* MainMenu.nib */,
				089C165CFE840E0CC02AAC07 /* InfoPlist.strings */,
			);
			name = Resources;
			sourceTree = "<group>";
		};
		29B97323FDCFA39411CA2CEA /* Frameworks */ = {
			isa = PBXGroup;
			children = (
				1058C7A0FEA54F0111CA2CBB /* Linked Frameworks */,
				1058C7A2FEA54F0111CA2CBB /* Other Frameworks */,
			);
			name = Frameworks;
			sourceTree = "<group>";
		};
		FE68C24C0DD238260053FC90 /* Specs */ = {
			isa = PBXGroup;
			children = (
				FEA76BB90DD7649600D171BE /* keychain_spec.rb */,
				FE68C2630DD23FC00053FC90 /* host_spec.rb */,
				FE68C2640DD23FC00053FC90 /* project_spec.rb */,
				FE68C2550DD238600053FC90 /* webistrano_controller_spec.rb */,
			);
			name = Specs;
			sourceTree = "<group>";
		};
		FEC9EB6A0DE099B900ABA9C8 /* model */ = {
			isa = PBXGroup;
			children = (
				FEA6558A0E042F0200410820 /* deployment.rb */,
				FEC9EB600DE099A600ABA9C8 /* post_load_operation.rb */,
				FEC9EB6B0DE099B900ABA9C8 /* host.rb */,
				FEC9EB6C0DE099B900ABA9C8 /* keychain.rb */,
				FEC9EB6D0DE099B900ABA9C8 /* load_operation.rb */,
				FEC9EB6E0DE099B900ABA9C8 /* load_operation_queue.rb */,
				FEC9EB6F0DE099B900ABA9C8 /* notification_hub.rb */,
				FEC9EB700DE099B900ABA9C8 /* project.rb */,
				FEC9EB710DE099B900ABA9C8 /* stage.rb */,
				FEC9EB720DE099B900ABA9C8 /* task.rb */,
				FE17B5B50E0D7E0600682156 /* growl_notifier.rb */,
			);
			path = model;
			sourceTree = "<group>";
		};
/* End PBXGroup section */

/* Begin PBXHeadersBuildPhase section */
		4DDCA7040ACC9A6100E082CE /* Headers */ = {
			isa = PBXHeadersBuildPhase;
			buildActionMask = 2147483647;
			files = (
			);
			runOnlyForDeploymentPostprocessing = 0;
		};
/* End PBXHeadersBuildPhase section */

/* Begin PBXNativeTarget section */
		4DDCA7030ACC9A6100E082CE /* Macistrano */ = {
			isa = PBXNativeTarget;
			buildConfigurationList = 4DDCA70E0ACC9A6100E082CE /* Build configuration list for PBXNativeTarget "Macistrano" */;
			buildPhases = (
				FEA76B850DD754D700D171BE /* Copy Frameworks */,
				4DDCA7040ACC9A6100E082CE /* Headers */,
				4DDCA7050ACC9A6100E082CE /* Resources */,
				4DDCA7090ACC9A6100E082CE /* Sources */,
				4DDCA70B0ACC9A6100E082CE /* Frameworks */,
			);
			buildRules = (
			);
			dependencies = (
			);
			name = Macistrano;
			productInstallPath = "$(HOME)/Applications";
			productName = Macistrano;
			productReference = 4DDCA7120ACC9A6100E082CE /* Macistrano.app */;
			productType = "com.apple.product-type.application";
		};
/* End PBXNativeTarget section */

/* Begin PBXProject section */
		29B97313FDCFA39411CA2CEA /* Project object */ = {
			isa = PBXProject;
			buildConfigurationList = 4D7A7B570ABF745500C2D4C0 /* Build configuration list for PBXProject "macistrano" */;
			compatibilityVersion = "Xcode 3.0";
			hasScannedForEncodings = 0;
			mainGroup = 29B97314FDCFA39411CA2CEA /* macistrano */;
			projectDirPath = "";
			projectRoot = "";
			targets = (
				4DDCA7030ACC9A6100E082CE /* Macistrano */,
			);
		};
/* End PBXProject section */

/* Begin PBXResourcesBuildPhase section */
		4DDCA7050ACC9A6100E082CE /* Resources */ = {
			isa = PBXResourcesBuildPhase;
			buildActionMask = 2147483647;
			files = (
				4DDCA7060ACC9A6100E082CE /* MainMenu.nib in Resources */,
				4DDCA7070ACC9A6100E082CE /* InfoPlist.strings in Resources */,
				4DDCA7080ACC9A6100E082CE /* rb_main.rb in Resources */,
				FEA7D49A0DC0F900001EFBE9 /* project_controller.rb in Resources */,
				FE5F03D90DC11830009DA75F /* webistrano_controller.rb in Resources */,
				FE5F041F0DC11D5B009DA75F /* icon-failed.png in Resources */,
				FE5F04210DC11D6A009DA75F /* icon-inactive.png in Resources */,
				FE5F04240DC11D75009DA75F /* icon-success-building.png in Resources */,
				FE5F04250DC11D75009DA75F /* icon-success.png in Resources */,
				FEC8A4670DC26DFF0083B448 /* project.rb in Resources */,
				FEC8A4690DC26E300083B448 /* stage.rb in Resources */,
				FE9BA8690DC65FA8008EF6F8 /* host.rb in Resources */,
				FE68C2D40DD24F240053FC90 /* preferences_controller.rb in Resources */,
				FEA76B830DD7547D00D171BE /* Security.bridgesupport in Resources */,
				FEA76BB20DD75E4F00D171BE /* keychain.rb in Resources */,
				FE1191EC0DD89E120073164F /* task.rb in Resources */,
				FEA7AD5D0DDCB2E00032FE31 /* notification_hub.rb in Resources */,
				FE33BD980DDDFB3D003ACBAA /* load_operation.rb in Resources */,
				FE517D860DDF2B5B00CA0249 /* load_operation_queue.rb in Resources */,
				FEC9EB610DE099A600ABA9C8 /* post_load_operation.rb in Resources */,
				FEC9EB730DE099B900ABA9C8 /* host.rb in Resources */,
				FEC9EB740DE099B900ABA9C8 /* keychain.rb in Resources */,
				FEC9EB750DE099B900ABA9C8 /* load_operation.rb in Resources */,
				FEC9EB760DE099B900ABA9C8 /* load_operation_queue.rb in Resources */,
				FEC9EB770DE099B900ABA9C8 /* notification_hub.rb in Resources */,
				FEC9EB780DE099B900ABA9C8 /* project.rb in Resources */,
				FEC9EB790DE099B900ABA9C8 /* stage.rb in Resources */,
				FEC9EB7A0DE099B900ABA9C8 /* task.rb in Resources */,
				FEA6558B0E042F0200410820 /* deployment.rb in Resources */,
				FE17B5B60E0D7E0600682156 /* growl_notifier.rb in Resources */,
				FE3CB0830E902DF8009138A1 /* macistrano.icns in Resources */,
				FE874BA70F27330600AE5935 /* icon-webistrano-small.png in Resources */,
				FEE6BA300F2879F700402101 /* growl_support.rb in Resources */,
				FEE6BA540F2892FC00402101 /* Credits.html in Resources */,
			);
			runOnlyForDeploymentPostprocessing = 0;
		};
/* End PBXResourcesBuildPhase section */

/* Begin PBXSourcesBuildPhase section */
		4DDCA7090ACC9A6100E082CE /* Sources */ = {
			isa = PBXSourcesBuildPhase;
			buildActionMask = 2147483647;
			files = (
				4DDCA70A0ACC9A6100E082CE /* main.m in Sources */,
			);
			runOnlyForDeploymentPostprocessing = 0;
		};
/* End PBXSourcesBuildPhase section */

/* Begin PBXVariantGroup section */
		089C165CFE840E0CC02AAC07 /* InfoPlist.strings */ = {
			isa = PBXVariantGroup;
			children = (
				089C165DFE840E0CC02AAC07 /* English */,
			);
			name = InfoPlist.strings;
			sourceTree = "<group>";
		};
		29B97318FDCFA39411CA2CEA /* MainMenu.nib */ = {
			isa = PBXVariantGroup;
			children = (
				29B97319FDCFA39411CA2CEA /* English */,
			);
			name = MainMenu.nib;
			sourceTree = "<group>";
		};
/* End PBXVariantGroup section */

/* Begin XCBuildConfiguration section */
		4D7A7B580ABF745500C2D4C0 /* Debug */ = {
			isa = XCBuildConfiguration;
			buildSettings = {
				ARCHS = "$(ARCHS_STANDARD_32_BIT_PRE_XCODE_3_1)";
				ARCHS_STANDARD_32_BIT_PRE_XCODE_3_1 = "ppc i386";
				GCC_WARN_ABOUT_RETURN_TYPE = YES;
				GCC_WARN_UNUSED_VARIABLE = YES;
				PREBINDING = NO;
				SDKROOT = "$(DEVELOPER_SDK_DIR)/MacOSX10.5.sdk";
			};
			name = Debug;
		};
		4D7A7B590ABF745500C2D4C0 /* Release */ = {
			isa = XCBuildConfiguration;
			buildSettings = {
				ARCHS = (
					ppc,
					i386,
				);
				DEBUG_INFORMATION_FORMAT = "dwarf-with-dsym";
				GCC_WARN_ABOUT_RETURN_TYPE = YES;
				GCC_WARN_UNUSED_VARIABLE = YES;
				PREBINDING = NO;
				SDKROOT = "$(DEVELOPER_SDK_DIR)/MacOSX10.5.sdk";
			};
			name = Release;
		};
		4DDCA70F0ACC9A6100E082CE /* Debug */ = {
			isa = XCBuildConfiguration;
			buildSettings = {
				COPY_PHASE_STRIP = NO;
				FRAMEWORK_SEARCH_PATHS = (
					"$(inherited)",
					"\"$(SRCROOT)/../../../Library/Frameworks\"",
				);
				GCC_DYNAMIC_NO_PIC = NO;
				GCC_ENABLE_FIX_AND_CONTINUE = YES;
				GCC_MODEL_TUNING = G5;
				GCC_OPTIMIZATION_LEVEL = 0;
				INFOPLIST_FILE = Info.plist;
				INSTALL_PATH = "$(HOME)/Applications";
				PRODUCT_NAME = Macistrano;
				WRAPPER_EXTENSION = app;
				ZERO_LINK = YES;
			};
			name = Debug;
		};
		4DDCA7100ACC9A6100E082CE /* Release */ = {
			isa = XCBuildConfiguration;
			buildSettings = {
				ARCHS = (
					ppc,
					i386,
				);
				FRAMEWORK_SEARCH_PATHS = (
					"$(inherited)",
					"\"$(SRCROOT)/../../../Library/Frameworks\"",
				);
				GCC_MODEL_TUNING = G5;
				INFOPLIST_FILE = Info.plist;
				INSTALL_PATH = "$(HOME)/Applications";
				PRODUCT_NAME = Macistrano;
				WRAPPER_EXTENSION = app;
			};
			name = Release;
		};
/* End XCBuildConfiguration section */

/* Begin XCConfigurationList section */
		4D7A7B570ABF745500C2D4C0 /* Build configuration list for PBXProject "macistrano" */ = {
			isa = XCConfigurationList;
			buildConfigurations = (
				4D7A7B580ABF745500C2D4C0 /* Debug */,
				4D7A7B590ABF745500C2D4C0 /* Release */,
			);
			defaultConfigurationIsVisible = 0;
			defaultConfigurationName = Release;
		};
		4DDCA70E0ACC9A6100E082CE /* Build configuration list for PBXNativeTarget "Macistrano" */ = {
			isa = XCConfigurationList;
			buildConfigurations = (
				4DDCA70F0ACC9A6100E082CE /* Debug */,
				4DDCA7100ACC9A6100E082CE /* Release */,
			);
			defaultConfigurationIsVisible = 0;
			defaultConfigurationName = Release;
		};
/* End XCConfigurationList section */
	};
	rootObject = 29B97313FDCFA39411CA2CEA /* Project object */;
}
